
Microsoft Visual Studio Solution File, Format Version 12.00
# Visual Studio Version 16
VisualStudioVersion = 16.0.29403.142
MinimumVisualStudioVersion = 10.0.40219.1
Project("{9A19103F-16F7-4668-BE54-9A1E7A4F7556}") = "WorOfWords.Web", "WorOfWords.Web.csproj", "{D72EE572-DD9F-4F49-B683-79CA2E225057}"
EndProject
Global
	GlobalSection(SolutionConfigurationPlatforms) = preSolution
		Debug|Any CPU = Debug|Any CPU
		Release|Any CPU = Release|Any CPU
	EndGlobalSection
	GlobalSection(ProjectConfigurationPlatforms) = postSolution
		{D72EE572-DD9F-4F49-B683-79CA2E225057}.Debug|Any CPU.ActiveCfg = Debug|Any CPU
		{D72EE572-DD9F-4F49-B683-79CA2E225057}.Debug|Any CPU.Build.0 = Debug|Any CPU
		{D72EE572-DD9F-4F49-B683-79CA2E225057}.Release|Any CPU.ActiveCfg = Release|Any CPU
		{D72EE572-DD9F-4F49-B683-79CA2E225057}.Release|Any CPU.Build.0 = Release|Any CPU
	EndGlobalSection
	GlobalSection(SolutionProperties) = preSolution
		HideSolutionNode = FALSE
	EndGlobalSection
	GlobalSection(ExtensibilityGlobals) = postSolution
		SolutionGuid = {2DF65550-5058-4F5C-8CCD-B56B3A474E35}
	EndGlobalSection
EndGlobal
